
Microsoft Visual Studio Solution File, Format Version 12.00
# Visual Studio Version 17
VisualStudioVersion = 17.3.32901.215
MinimumVisualStudioVersion = 10.0.40219.1
Project("{FAE04EC0-301F-11D3-BF4B-00C04F79EFBC}") = "CepBrasilApi", "CepBrasilApi.csproj", "{80A64AAB-CAB7-4F15-A846-591D3BF48657}"
EndProject
Global
	GlobalSection(SolutionConfigurationPlatforms) = preSolution
		Debug|Any CPU = Debug|Any CPU
		Release|Any CPU = Release|Any CPU
	EndGlobalSection
	GlobalSection(ProjectConfigurationPlatforms) = postSolution
		{80A64AAB-CAB7-4F15-A846-591D3BF48657}.Debug|Any CPU.ActiveCfg = Debug|Any CPU
		{80A64AAB-CAB7-4F15-A846-591D3BF48657}.Debug|Any CPU.Build.0 = Debug|Any CPU
		{80A64AAB-CAB7-4F15-A846-591D3BF48657}.Release|Any CPU.ActiveCfg = Release|Any CPU
		{80A64AAB-CAB7-4F15-A846-591D3BF48657}.Release|Any CPU.Build.0 = Release|Any CPU
	EndGlobalSection
	GlobalSection(SolutionProperties) = preSolution
		HideSolutionNode = FALSE
	EndGlobalSection
	GlobalSection(ExtensibilityGlobals) = postSolution
		SolutionGuid = {58F9AE2A-1627-422E-AE79-C2E46FDE8841}
	EndGlobalSection
EndGlobal
